
Microsoft Visual Studio Solution File, Format Version 12.00
# Visual Studio Version 17
VisualStudioVersion = 17.14.36109.1 d17.14
MinimumVisualStudioVersion = 10.0.40219.1
Project("{FAE04EC0-301F-11D3-BF4B-00C04F79EFBC}") = "ejercicio1", "practica2\ejercicio1.csproj", "{245412BF-CE4C-41BF-B4F2-BE3EADD6A2E8}"
EndProject
Global
	GlobalSection(SolutionConfigurationPlatforms) = preSolution
		Debug|Any CPU = Debug|Any CPU
		Release|Any CPU = Release|Any CPU
	EndGlobalSection
	GlobalSection(ProjectConfigurationPlatforms) = postSolution
		{245412BF-CE4C-41BF-B4F2-BE3EADD6A2E8}.Debug|Any CPU.ActiveCfg = Debug|Any CPU
		{245412BF-CE4C-41BF-B4F2-BE3EADD6A2E8}.Debug|Any CPU.Build.0 = Debug|Any CPU
		{245412BF-CE4C-41BF-B4F2-BE3EADD6A2E8}.Release|Any CPU.ActiveCfg = Release|Any CPU
		{245412BF-CE4C-41BF-B4F2-BE3EADD6A2E8}.Release|Any CPU.Build.0 = Release|Any CPU
	EndGlobalSection
	GlobalSection(SolutionProperties) = preSolution
		HideSolutionNode = FALSE
	EndGlobalSection
	GlobalSection(ExtensibilityGlobals) = postSolution
		SolutionGuid = {1415B4F9-940D-4EE8-BF4B-EDF7B2DB27B1}
	EndGlobalSection
EndGlobal
