
Microsoft Visual Studio Solution File, Format Version 12.00
# Visual Studio Version 17
VisualStudioVersion = 17.14.36109.1
MinimumVisualStudioVersion = 10.0.40219.1
Project("{FAE04EC0-301F-11D3-BF4B-00C04F79EFBC}") = "ejercicio1", "practica2\ejercicio1.csproj", "{245412BF-CE4C-41BF-B4F2-BE3EADD6A2E8}"
EndProject
Project("{FAE04EC0-301F-11D3-BF4B-00C04F79EFBC}") = "ejercicio2", "ejercicio2\ejercicio2.csproj", "{C04B3185-A939-4F1F-ADBB-2063F928B7D4}"
EndProject
Project("{FAE04EC0-301F-11D3-BF4B-00C04F79EFBC}") = "ejercicio3", "ejercicio3\ejercicio3.csproj", "{422586EE-4A21-44B2-9919-E2F6EFAB9869}"
EndProject
Project("{FAE04EC0-301F-11D3-BF4B-00C04F79EFBC}") = "ejercicio4", "ejercicio4\ejercicio4.csproj", "{F319B879-3DEF-4A04-B81B-9DA58B967C2B}"
EndProject
Project("{FAE04EC0-301F-11D3-BF4B-00C04F79EFBC}") = "ejercicio5", "ejercicio5\ejercicio5.csproj", "{C0B3D816-43F9-46E8-9865-F6688800492C}"
EndProject
Project("{FAE04EC0-301F-11D3-BF4B-00C04F79EFBC}") = "ejercicio6", "ejercicio6\ejercicio6.csproj", "{3DCC38B2-9A67-4048-BD32-8FD1D6C24755}"
EndProject
Project("{FAE04EC0-301F-11D3-BF4B-00C04F79EFBC}") = "ejercicio7", "ejercicio7\ejercicio7.csproj", "{5F13C6E3-8233-441B-B963-98DB41FBAA46}"
EndProject
Project("{FAE04EC0-301F-11D3-BF4B-00C04F79EFBC}") = "ejercicio8", "ejercicio8\ejercicio8.csproj", "{6AB88F84-C517-42E0-AB2A-56F74F20E492}"
EndProject
Global
	GlobalSection(SolutionConfigurationPlatforms) = preSolution
		Debug|Any CPU = Debug|Any CPU
		Release|Any CPU = Release|Any CPU
	EndGlobalSection
	GlobalSection(ProjectConfigurationPlatforms) = postSolution
		{245412BF-CE4C-41BF-B4F2-BE3EADD6A2E8}.Debug|Any CPU.ActiveCfg = Debug|Any CPU
		{245412BF-CE4C-41BF-B4F2-BE3EADD6A2E8}.Debug|Any CPU.Build.0 = Debug|Any CPU
		{245412BF-CE4C-41BF-B4F2-BE3EADD6A2E8}.Release|Any CPU.ActiveCfg = Release|Any CPU
		{245412BF-CE4C-41BF-B4F2-BE3EADD6A2E8}.Release|Any CPU.Build.0 = Release|Any CPU
		{C04B3185-A939-4F1F-ADBB-2063F928B7D4}.Debug|Any CPU.ActiveCfg = Debug|Any CPU
		{C04B3185-A939-4F1F-ADBB-2063F928B7D4}.Debug|Any CPU.Build.0 = Debug|Any CPU
		{C04B3185-A939-4F1F-ADBB-2063F928B7D4}.Release|Any CPU.ActiveCfg = Release|Any CPU
		{C04B3185-A939-4F1F-ADBB-2063F928B7D4}.Release|Any CPU.Build.0 = Release|Any CPU
		{422586EE-4A21-44B2-9919-E2F6EFAB9869}.Debug|Any CPU.ActiveCfg = Debug|Any CPU
		{422586EE-4A21-44B2-9919-E2F6EFAB9869}.Debug|Any CPU.Build.0 = Debug|Any CPU
		{422586EE-4A21-44B2-9919-E2F6EFAB9869}.Release|Any CPU.ActiveCfg = Release|Any CPU
		{422586EE-4A21-44B2-9919-E2F6EFAB9869}.Release|Any CPU.Build.0 = Release|Any CPU
		{F319B879-3DEF-4A04-B81B-9DA58B967C2B}.Debug|Any CPU.ActiveCfg = Debug|Any CPU
		{F319B879-3DEF-4A04-B81B-9DA58B967C2B}.Debug|Any CPU.Build.0 = Debug|Any CPU
		{F319B879-3DEF-4A04-B81B-9DA58B967C2B}.Release|Any CPU.ActiveCfg = Release|Any CPU
		{F319B879-3DEF-4A04-B81B-9DA58B967C2B}.Release|Any CPU.Build.0 = Release|Any CPU
		{C0B3D816-43F9-46E8-9865-F6688800492C}.Debug|Any CPU.ActiveCfg = Debug|Any CPU
		{C0B3D816-43F9-46E8-9865-F6688800492C}.Debug|Any CPU.Build.0 = Debug|Any CPU
		{C0B3D816-43F9-46E8-9865-F6688800492C}.Release|Any CPU.ActiveCfg = Release|Any CPU
		{C0B3D816-43F9-46E8-9865-F6688800492C}.Release|Any CPU.Build.0 = Release|Any CPU
		{3DCC38B2-9A67-4048-BD32-8FD1D6C24755}.Debug|Any CPU.ActiveCfg = Debug|Any CPU
		{3DCC38B2-9A67-4048-BD32-8FD1D6C24755}.Debug|Any CPU.Build.0 = Debug|Any CPU
		{3DCC38B2-9A67-4048-BD32-8FD1D6C24755}.Release|Any CPU.ActiveCfg = Release|Any CPU
		{3DCC38B2-9A67-4048-BD32-8FD1D6C24755}.Release|Any CPU.Build.0 = Release|Any CPU
		{5F13C6E3-8233-441B-B963-98DB41FBAA46}.Debug|Any CPU.ActiveCfg = Debug|Any CPU
		{5F13C6E3-8233-441B-B963-98DB41FBAA46}.Debug|Any CPU.Build.0 = Debug|Any CPU
		{5F13C6E3-8233-441B-B963-98DB41FBAA46}.Release|Any CPU.ActiveCfg = Release|Any CPU
		{5F13C6E3-8233-441B-B963-98DB41FBAA46}.Release|Any CPU.Build.0 = Release|Any CPU
		{6AB88F84-C517-42E0-AB2A-56F74F20E492}.Debug|Any CPU.ActiveCfg = Debug|Any CPU
		{6AB88F84-C517-42E0-AB2A-56F74F20E492}.Debug|Any CPU.Build.0 = Debug|Any CPU
		{6AB88F84-C517-42E0-AB2A-56F74F20E492}.Release|Any CPU.ActiveCfg = Release|Any CPU
		{6AB88F84-C517-42E0-AB2A-56F74F20E492}.Release|Any CPU.Build.0 = Release|Any CPU
	EndGlobalSection
	GlobalSection(SolutionProperties) = preSolution
		HideSolutionNode = FALSE
	EndGlobalSection
	GlobalSection(ExtensibilityGlobals) = postSolution
		SolutionGuid = {1415B4F9-940D-4EE8-BF4B-EDF7B2DB27B1}
	EndGlobalSection
EndGlobal
